
Microsoft Visual Studio Solution File, Format Version 12.00
# Visual Studio Version 17
VisualStudioVersion = 17.12.35521.163
MinimumVisualStudioVersion = 10.0.40219.1
Project("{FAE04EC0-301F-11D3-BF4B-00C04F79EFBC}") = "StudyClasses", "..\martins_putnis_MD2\StudyClasses\StudyClasses.csproj", "{05B7FF8D-EBF4-44E5-8936-C128C23FB3B6}"
EndProject
Project("{FAE04EC0-301F-11D3-BF4B-00C04F79EFBC}") = "MD3", "MD3\MD3.csproj", "{BCA9B358-5876-4FF9-A7F1-A2D127999D6C}"
EndProject
Global
	GlobalSection(SolutionConfigurationPlatforms) = preSolution
		Debug|Any CPU = Debug|Any CPU
		Release|Any CPU = Release|Any CPU
	EndGlobalSection
	GlobalSection(ProjectConfigurationPlatforms) = postSolution
		{05B7FF8D-EBF4-44E5-8936-C128C23FB3B6}.Debug|Any CPU.ActiveCfg = Debug|Any CPU
		{05B7FF8D-EBF4-44E5-8936-C128C23FB3B6}.Debug|Any CPU.Build.0 = Debug|Any CPU
		{05B7FF8D-EBF4-44E5-8936-C128C23FB3B6}.Release|Any CPU.ActiveCfg = Release|Any CPU
		{05B7FF8D-EBF4-44E5-8936-C128C23FB3B6}.Release|Any CPU.Build.0 = Release|Any CPU
		{BCA9B358-5876-4FF9-A7F1-A2D127999D6C}.Debug|Any CPU.ActiveCfg = Debug|Any CPU
		{BCA9B358-5876-4FF9-A7F1-A2D127999D6C}.Debug|Any CPU.Build.0 = Debug|Any CPU
		{BCA9B358-5876-4FF9-A7F1-A2D127999D6C}.Debug|Any CPU.Deploy.0 = Debug|Any CPU
		{BCA9B358-5876-4FF9-A7F1-A2D127999D6C}.Release|Any CPU.ActiveCfg = Release|Any CPU
		{BCA9B358-5876-4FF9-A7F1-A2D127999D6C}.Release|Any CPU.Build.0 = Release|Any CPU
		{BCA9B358-5876-4FF9-A7F1-A2D127999D6C}.Release|Any CPU.Deploy.0 = Release|Any CPU
	EndGlobalSection
	GlobalSection(SolutionProperties) = preSolution
		HideSolutionNode = FALSE
	EndGlobalSection
EndGlobal
